
Microsoft Visual Studio Solution File, Format Version 12.00
# Visual Studio Version 17
VisualStudioVersion = 17.5.33627.172
MinimumVisualStudioVersion = 10.0.40219.1
Project("{FAE04EC0-301F-11D3-BF4B-00C04F79EFBC}") = "ConsoleApp16", "ConsoleApp16\ConsoleApp16.csproj", "{51C6FD79-AE05-4500-999C-E215CC4008A6}"
EndProject
Global
	GlobalSection(SolutionConfigurationPlatforms) = preSolution
		Debug|Any CPU = Debug|Any CPU
		Release|Any CPU = Release|Any CPU
	EndGlobalSection
	GlobalSection(ProjectConfigurationPlatforms) = postSolution
		{51C6FD79-AE05-4500-999C-E215CC4008A6}.Debug|Any CPU.ActiveCfg = Debug|Any CPU
		{51C6FD79-AE05-4500-999C-E215CC4008A6}.Debug|Any CPU.Build.0 = Debug|Any CPU
		{51C6FD79-AE05-4500-999C-E215CC4008A6}.Release|Any CPU.ActiveCfg = Release|Any CPU
		{51C6FD79-AE05-4500-999C-E215CC4008A6}.Release|Any CPU.Build.0 = Release|Any CPU
	EndGlobalSection
	GlobalSection(SolutionProperties) = preSolution
		HideSolutionNode = FALSE
	EndGlobalSection
	GlobalSection(ExtensibilityGlobals) = postSolution
		SolutionGuid = {6A6AB7FF-C855-43CE-B363-BBA2B0ADFB1E}
	EndGlobalSection
EndGlobal
